
Microsoft Visual Studio Solution File, Format Version 12.00
# Visual Studio Version 16
VisualStudioVersion = 16.0.30225.117
MinimumVisualStudioVersion = 10.0.40219.1
Project("{FAE04EC0-301F-11D3-BF4B-00C04F79EFBC}") = "WinStudent", "WinStudent.csproj", "{EA4BED94-E065-40BD-A22C-3319D633CDAD}"
EndProject
Global
	GlobalSection(SolutionConfigurationPlatforms) = preSolution
		Debug|Any CPU = Debug|Any CPU
		Release|Any CPU = Release|Any CPU
	EndGlobalSection
	GlobalSection(ProjectConfigurationPlatforms) = postSolution
		{EA4BED94-E065-40BD-A22C-3319D633CDAD}.Debug|Any CPU.ActiveCfg = Debug|Any CPU
		{EA4BED94-E065-40BD-A22C-3319D633CDAD}.Debug|Any CPU.Build.0 = Debug|Any CPU
		{EA4BED94-E065-40BD-A22C-3319D633CDAD}.Release|Any CPU.ActiveCfg = Release|Any CPU
		{EA4BED94-E065-40BD-A22C-3319D633CDAD}.Release|Any CPU.Build.0 = Release|Any CPU
	EndGlobalSection
	GlobalSection(SolutionProperties) = preSolution
		HideSolutionNode = FALSE
	EndGlobalSection
	GlobalSection(ExtensibilityGlobals) = postSolution
		SolutionGuid = {F6769D88-F483-4863-921B-C35281B592FE}
	EndGlobalSection
EndGlobal
